// !$*UTF8*$!
{
	archiveVersion = 1;
	classes = {
	};
	objectVersion = 56;
	objects = {

/* Begin PBXBuildFile section */
		9F77D33A2AB075DC00EE9513 /* ActivityIndicator.swift in Sources */ = {isa = PBXBuildFile; fileRef = 9F77D3392AB075DC00EE9513 /* ActivityIndicator.swift */; };
		9F8A061E2AAAF12600D3AF34 /* AppDelegate.swift in Sources */ = {isa = PBXBuildFile; fileRef = 9F8A061D2AAAF12600D3AF34 /* AppDelegate.swift */; };
		9F8A06202AAAF12600D3AF34 /* SceneDelegate.swift in Sources */ = {isa = PBXBuildFile; fileRef = 9F8A061F2AAAF12600D3AF34 /* SceneDelegate.swift */; };
		9F8A06222AAAF12600D3AF34 /* ViewController.swift in Sources */ = {isa = PBXBuildFile; fileRef = 9F8A06212AAAF12600D3AF34 /* ViewController.swift */; };
		9F8A06252AAAF12600D3AF34 /* Main.storyboard in Resources */ = {isa = PBXBuildFile; fileRef = 9F8A06232AAAF12600D3AF34 /* Main.storyboard */; };
		9F8A06272AAAF12700D3AF34 /* Assets.xcassets in Resources */ = {isa = PBXBuildFile; fileRef = 9F8A06262AAAF12700D3AF34 /* Assets.xcassets */; };
		9F8A062A2AAAF12700D3AF34 /* LaunchScreen.storyboard in Resources */ = {isa = PBXBuildFile; fileRef = 9F8A06282AAAF12700D3AF34 /* LaunchScreen.storyboard */; };
		9F8A06352AAAF12800D3AF34 /* MyCoursePageTests.swift in Sources */ = {isa = PBXBuildFile; fileRef = 9F8A06342AAAF12800D3AF34 /* MyCoursePageTests.swift */; };
		9F8A063F2AAAF12800D3AF34 /* MyCoursePageUITests.swift in Sources */ = {isa = PBXBuildFile; fileRef = 9F8A063E2AAAF12800D3AF34 /* MyCoursePageUITests.swift */; };
		9F8A06412AAAF12800D3AF34 /* MyCoursePageUITestsLaunchTests.swift in Sources */ = {isa = PBXBuildFile; fileRef = 9F8A06402AAAF12800D3AF34 /* MyCoursePageUITestsLaunchTests.swift */; };
		9F8A064F2AAAF7C000D3AF34 /* MyCourseTableViewCell.swift in Sources */ = {isa = PBXBuildFile; fileRef = 9F8A064D2AAAF7C000D3AF34 /* MyCourseTableViewCell.swift */; };
		9F8A06502AAAF7C000D3AF34 /* MyCourseTableViewCell.xib in Resources */ = {isa = PBXBuildFile; fileRef = 9F8A064E2AAAF7C000D3AF34 /* MyCourseTableViewCell.xib */; };
		9F8A06522AAB02C100D3AF34 /* MyCourseModel.swift in Sources */ = {isa = PBXBuildFile; fileRef = 9F8A06512AAB02C100D3AF34 /* MyCourseModel.swift */; };
		9F8A06542AAB02F600D3AF34 /* MyCourseViewModel.swift in Sources */ = {isa = PBXBuildFile; fileRef = 9F8A06532AAB02F600D3AF34 /* MyCourseViewModel.swift */; };
		9F8A06562AAB330500D3AF34 /* CircularProgressView.swift in Sources */ = {isa = PBXBuildFile; fileRef = 9F8A06552AAB330500D3AF34 /* CircularProgressView.swift */; };
		9FE2306B2AAF43320008B489 /* AcademicYearViewController.swift in Sources */ = {isa = PBXBuildFile; fileRef = 9FE2306A2AAF43320008B489 /* AcademicYearViewController.swift */; };
		9FE2306E2AAF468C0008B489 /* AcademicTableViewCell.swift in Sources */ = {isa = PBXBuildFile; fileRef = 9FE2306C2AAF468C0008B489 /* AcademicTableViewCell.swift */; };
		9FE2306F2AAF468C0008B489 /* AcademicTableViewCell.xib in Resources */ = {isa = PBXBuildFile; fileRef = 9FE2306D2AAF468C0008B489 /* AcademicTableViewCell.xib */; };
/* End PBXBuildFile section */

/* Begin PBXContainerItemProxy section */
		9F8A06312AAAF12800D3AF34 /* PBXContainerItemProxy */ = {
			isa = PBXContainerItemProxy;
			containerPortal = 9F8A06122AAAF12600D3AF34 /* Project object */;
			proxyType = 1;
			remoteGlobalIDString = 9F8A06192AAAF12600D3AF34;
			remoteInfo = MyCoursePage;
		};
		9F8A063B2AAAF12800D3AF34 /* PBXContainerItemProxy */ = {
			isa = PBXContainerItemProxy;
			containerPortal = 9F8A06122AAAF12600D3AF34 /* Project object */;
			proxyType = 1;
			remoteGlobalIDString = 9F8A06192AAAF12600D3AF34;
			remoteInfo = MyCoursePage;
		};
/* End PBXContainerItemProxy section */

/* Begin PBXFileReference section */
		9F77D3392AB075DC00EE9513 /* ActivityIndicator.swift */ = {isa = PBXFileReference; lastKnownFileType = sourcecode.swift; path = ActivityIndicator.swift; sourceTree = "<group>"; };
		9F8A061A2AAAF12600D3AF34 /* MyCoursePage.app */ = {isa = PBXFileReference; explicitFileType = wrapper.application; includeInIndex = 0; path = MyCoursePage.app; sourceTree = BUILT_PRODUCTS_DIR; };
		9F8A061D2AAAF12600D3AF34 /* AppDelegate.swift */ = {isa = PBXFileReference; lastKnownFileType = sourcecode.swift; path = AppDelegate.swift; sourceTree = "<group>"; };
		9F8A061F2AAAF12600D3AF34 /* SceneDelegate.swift */ = {isa = PBXFileReference; lastKnownFileType = sourcecode.swift; path = SceneDelegate.swift; sourceTree = "<group>"; };
		9F8A06212AAAF12600D3AF34 /* ViewController.swift */ = {isa = PBXFileReference; lastKnownFileType = sourcecode.swift; path = ViewController.swift; sourceTree = "<group>"; };
		9F8A06242AAAF12600D3AF34 /* Base */ = {isa = PBXFileReference; lastKnownFileType = file.storyboard; name = Base; path = Base.lproj/Main.storyboard; sourceTree = "<group>"; };
		9F8A06262AAAF12700D3AF34 /* Assets.xcassets */ = {isa = PBXFileReference; lastKnownFileType = folder.assetcatalog; path = Assets.xcassets; sourceTree = "<group>"; };
		9F8A06292AAAF12700D3AF34 /* Base */ = {isa = PBXFileReference; lastKnownFileType = file.storyboard; name = Base; path = Base.lproj/LaunchScreen.storyboard; sourceTree = "<group>"; };
		9F8A062B2AAAF12700D3AF34 /* Info.plist */ = {isa = PBXFileReference; lastKnownFileType = text.plist.xml; path = Info.plist; sourceTree = "<group>"; };
		9F8A06302AAAF12800D3AF34 /* MyCoursePageTests.xctest */ = {isa = PBXFileReference; explicitFileType = wrapper.cfbundle; includeInIndex = 0; path = MyCoursePageTests.xctest; sourceTree = BUILT_PRODUCTS_DIR; };
		9F8A06342AAAF12800D3AF34 /* MyCoursePageTests.swift */ = {isa = PBXFileReference; lastKnownFileType = sourcecode.swift; path = MyCoursePageTests.swift; sourceTree = "<group>"; };
		9F8A063A2AAAF12800D3AF34 /* MyCoursePageUITests.xctest */ = {isa = PBXFileReference; explicitFileType = wrapper.cfbundle; includeInIndex = 0; path = MyCoursePageUITests.xctest; sourceTree = BUILT_PRODUCTS_DIR; };
		9F8A063E2AAAF12800D3AF34 /* MyCoursePageUITests.swift */ = {isa = PBXFileReference; lastKnownFileType = sourcecode.swift; path = MyCoursePageUITests.swift; sourceTree = "<group>"; };
		9F8A06402AAAF12800D3AF34 /* MyCoursePageUITestsLaunchTests.swift */ = {isa = PBXFileReference; lastKnownFileType = sourcecode.swift; path = MyCoursePageUITestsLaunchTests.swift; sourceTree = "<group>"; };
		9F8A064D2AAAF7C000D3AF34 /* MyCourseTableViewCell.swift */ = {isa = PBXFileReference; lastKnownFileType = sourcecode.swift; path = MyCourseTableViewCell.swift; sourceTree = "<group>"; };
		9F8A064E2AAAF7C000D3AF34 /* MyCourseTableViewCell.xib */ = {isa = PBXFileReference; lastKnownFileType = file.xib; path = MyCourseTableViewCell.xib; sourceTree = "<group>"; };
		9F8A06512AAB02C100D3AF34 /* MyCourseModel.swift */ = {isa = PBXFileReference; lastKnownFileType = sourcecode.swift; path = MyCourseModel.swift; sourceTree = "<group>"; };
		9F8A06532AAB02F600D3AF34 /* MyCourseViewModel.swift */ = {isa = PBXFileReference; lastKnownFileType = sourcecode.swift; path = MyCourseViewModel.swift; sourceTree = "<group>"; };
		9F8A06552AAB330500D3AF34 /* CircularProgressView.swift */ = {isa = PBXFileReference; lastKnownFileType = sourcecode.swift; path = CircularProgressView.swift; sourceTree = "<group>"; };
		9FE2306A2AAF43320008B489 /* AcademicYearViewController.swift */ = {isa = PBXFileReference; lastKnownFileType = sourcecode.swift; path = AcademicYearViewController.swift; sourceTree = "<group>"; };
		9FE2306C2AAF468C0008B489 /* AcademicTableViewCell.swift */ = {isa = PBXFileReference; lastKnownFileType = sourcecode.swift; path = AcademicTableViewCell.swift; sourceTree = "<group>"; };
		9FE2306D2AAF468C0008B489 /* AcademicTableViewCell.xib */ = {isa = PBXFileReference; lastKnownFileType = file.xib; path = AcademicTableViewCell.xib; sourceTree = "<group>"; };
/* End PBXFileReference section */

/* Begin PBXFrameworksBuildPhase section */
		9F8A06172AAAF12600D3AF34 /* Frameworks */ = {
			isa = PBXFrameworksBuildPhase;
			buildActionMask = 2147483647;
			files = (
			);
			runOnlyForDeploymentPostprocessing = 0;
		};
		9F8A062D2AAAF12800D3AF34 /* Frameworks */ = {
			isa = PBXFrameworksBuildPhase;
			buildActionMask = 2147483647;
			files = (
			);
			runOnlyForDeploymentPostprocessing = 0;
		};
		9F8A06372AAAF12800D3AF34 /* Frameworks */ = {
			isa = PBXFrameworksBuildPhase;
			buildActionMask = 2147483647;
			files = (
			);
			runOnlyForDeploymentPostprocessing = 0;
		};
/* End PBXFrameworksBuildPhase section */

/* Begin PBXGroup section */
		9F8A06112AAAF12600D3AF34 = {
			isa = PBXGroup;
			children = (
				9F8A061C2AAAF12600D3AF34 /* MyCoursePage */,
				9F8A06332AAAF12800D3AF34 /* MyCoursePageTests */,
				9F8A063D2AAAF12800D3AF34 /* MyCoursePageUITests */,
				9F8A061B2AAAF12600D3AF34 /* Products */,
			);
			sourceTree = "<group>";
		};
		9F8A061B2AAAF12600D3AF34 /* Products */ = {
			isa = PBXGroup;
			children = (
				9F8A061A2AAAF12600D3AF34 /* MyCoursePage.app */,
				9F8A06302AAAF12800D3AF34 /* MyCoursePageTests.xctest */,
				9F8A063A2AAAF12800D3AF34 /* MyCoursePageUITests.xctest */,
			);
			name = Products;
			sourceTree = "<group>";
		};
		9F8A061C2AAAF12600D3AF34 /* MyCoursePage */ = {
			isa = PBXGroup;
			children = (
				9F8A061D2AAAF12600D3AF34 /* AppDelegate.swift */,
				9F8A061F2AAAF12600D3AF34 /* SceneDelegate.swift */,
				9F8A06212AAAF12600D3AF34 /* ViewController.swift */,
				9F8A06512AAB02C100D3AF34 /* MyCourseModel.swift */,
				9F8A06532AAB02F600D3AF34 /* MyCourseViewModel.swift */,
				9F8A064D2AAAF7C000D3AF34 /* MyCourseTableViewCell.swift */,
				9FE2306A2AAF43320008B489 /* AcademicYearViewController.swift */,
				9FE2306C2AAF468C0008B489 /* AcademicTableViewCell.swift */,
				9FE2306D2AAF468C0008B489 /* AcademicTableViewCell.xib */,
				9F8A06552AAB330500D3AF34 /* CircularProgressView.swift */,
				9F77D3392AB075DC00EE9513 /* ActivityIndicator.swift */,
				9F8A064E2AAAF7C000D3AF34 /* MyCourseTableViewCell.xib */,
				9F8A06232AAAF12600D3AF34 /* Main.storyboard */,
				9F8A06262AAAF12700D3AF34 /* Assets.xcassets */,
				9F8A06282AAAF12700D3AF34 /* LaunchScreen.storyboard */,
				9F8A062B2AAAF12700D3AF34 /* Info.plist */,
			);
			path = MyCoursePage;
			sourceTree = "<group>";
		};
		9F8A06332AAAF12800D3AF34 /* MyCoursePageTests */ = {
			isa = PBXGroup;
			children = (
				9F8A06342AAAF12800D3AF34 /* MyCoursePageTests.swift */,
			);
			path = MyCoursePageTests;
			sourceTree = "<group>";
		};
		9F8A063D2AAAF12800D3AF34 /* MyCoursePageUITests */ = {
			isa = PBXGroup;
			children = (
				9F8A063E2AAAF12800D3AF34 /* MyCoursePageUITests.swift */,
				9F8A06402AAAF12800D3AF34 /* MyCoursePageUITestsLaunchTests.swift */,
			);
			path = MyCoursePageUITests;
			sourceTree = "<group>";
		};
/* End PBXGroup section */

/* Begin PBXNativeTarget section */
		9F8A06192AAAF12600D3AF34 /* MyCoursePage */ = {
			isa = PBXNativeTarget;
			buildConfigurationList = 9F8A06442AAAF12800D3AF34 /* Build configuration list for PBXNativeTarget "MyCoursePage" */;
			buildPhases = (
				9F8A06162AAAF12600D3AF34 /* Sources */,
				9F8A06172AAAF12600D3AF34 /* Frameworks */,
				9F8A06182AAAF12600D3AF34 /* Resources */,
			);
			buildRules = (
			);
			dependencies = (
			);
			name = MyCoursePage;
			productName = MyCoursePage;
			productReference = 9F8A061A2AAAF12600D3AF34 /* MyCoursePage.app */;
			productType = "com.apple.product-type.application";
		};
		9F8A062F2AAAF12800D3AF34 /* MyCoursePageTests */ = {
			isa = PBXNativeTarget;
			buildConfigurationList = 9F8A06472AAAF12800D3AF34 /* Build configuration list for PBXNativeTarget "MyCoursePageTests" */;
			buildPhases = (
				9F8A062C2AAAF12800D3AF34 /* Sources */,
				9F8A062D2AAAF12800D3AF34 /* Frameworks */,
				9F8A062E2AAAF12800D3AF34 /* Resources */,
			);
			buildRules = (
			);
			dependencies = (
				9F8A06322AAAF12800D3AF34 /* PBXTargetDependency */,
			);
			name = MyCoursePageTests;
			productName = MyCoursePageTests;
			productReference = 9F8A06302AAAF12800D3AF34 /* MyCoursePageTests.xctest */;
			productType = "com.apple.product-type.bundle.unit-test";
		};
		9F8A06392AAAF12800D3AF34 /* MyCoursePageUITests */ = {
			isa = PBXNativeTarget;
			buildConfigurationList = 9F8A064A2AAAF12800D3AF34 /* Build configuration list for PBXNativeTarget "MyCoursePageUITests" */;
			buildPhases = (
				9F8A06362AAAF12800D3AF34 /* Sources */,
				9F8A06372AAAF12800D3AF34 /* Frameworks */,
				9F8A06382AAAF12800D3AF34 /* Resources */,
			);
			buildRules = (
			);
			dependencies = (
				9F8A063C2AAAF12800D3AF34 /* PBXTargetDependency */,
			);
			name = MyCoursePageUITests;
			productName = MyCoursePageUITests;
			productReference = 9F8A063A2AAAF12800D3AF34 /* MyCoursePageUITests.xctest */;
			productType = "com.apple.product-type.bundle.ui-testing";
		};
/* End PBXNativeTarget section */

/* Begin PBXProject section */
		9F8A06122AAAF12600D3AF34 /* Project object */ = {
			isa = PBXProject;
			attributes = {
				BuildIndependentTargetsInParallel = 1;
				LastSwiftUpdateCheck = 1400;
				LastUpgradeCheck = 1400;
				TargetAttributes = {
					9F8A06192AAAF12600D3AF34 = {
						CreatedOnToolsVersion = 14.0;
					};
					9F8A062F2AAAF12800D3AF34 = {
						CreatedOnToolsVersion = 14.0;
						TestTargetID = 9F8A06192AAAF12600D3AF34;
					};
					9F8A06392AAAF12800D3AF34 = {
						CreatedOnToolsVersion = 14.0;
						TestTargetID = 9F8A06192AAAF12600D3AF34;
					};
				};
			};
			buildConfigurationList = 9F8A06152AAAF12600D3AF34 /* Build configuration list for PBXProject "MyCoursePage" */;
			compatibilityVersion = "Xcode 14.0";
			developmentRegion = en;
			hasScannedForEncodings = 0;
			knownRegions = (
				en,
				Base,
			);
			mainGroup = 9F8A06112AAAF12600D3AF34;
			productRefGroup = 9F8A061B2AAAF12600D3AF34 /* Products */;
			projectDirPath = "";
			projectRoot = "";
			targets = (
				9F8A06192AAAF12600D3AF34 /* MyCoursePage */,
				9F8A062F2AAAF12800D3AF34 /* MyCoursePageTests */,
				9F8A06392AAAF12800D3AF34 /* MyCoursePageUITests */,
			);
		};
/* End PBXProject section */

/* Begin PBXResourcesBuildPhase section */
		9F8A06182AAAF12600D3AF34 /* Resources */ = {
			isa = PBXResourcesBuildPhase;
			buildActionMask = 2147483647;
			files = (
				9F8A06502AAAF7C000D3AF34 /* MyCourseTableViewCell.xib in Resources */,
				9F8A062A2AAAF12700D3AF34 /* LaunchScreen.storyboard in Resources */,
				9FE2306F2AAF468C0008B489 /* AcademicTableViewCell.xib in Resources */,
				9F8A06272AAAF12700D3AF34 /* Assets.xcassets in Resources */,
				9F8A06252AAAF12600D3AF34 /* Main.storyboard in Resources */,
			);
			runOnlyForDeploymentPostprocessing = 0;
		};
		9F8A062E2AAAF12800D3AF34 /* Resources */ = {
			isa = PBXResourcesBuildPhase;
			buildActionMask = 2147483647;
			files = (
			);
			runOnlyForDeploymentPostprocessing = 0;
		};
		9F8A06382AAAF12800D3AF34 /* Resources */ = {
			isa = PBXResourcesBuildPhase;
			buildActionMask = 2147483647;
			files = (
			);
			runOnlyForDeploymentPostprocessing = 0;
		};
/* End PBXResourcesBuildPhase section */

/* Begin PBXSourcesBuildPhase section */
		9F8A06162AAAF12600D3AF34 /* Sources */ = {
			isa = PBXSourcesBuildPhase;
			buildActionMask = 2147483647;
			files = (
				9F8A064F2AAAF7C000D3AF34 /* MyCourseTableViewCell.swift in Sources */,
				9F8A06222AAAF12600D3AF34 /* ViewController.swift in Sources */,
				9F8A061E2AAAF12600D3AF34 /* AppDelegate.swift in Sources */,
				9F8A06522AAB02C100D3AF34 /* MyCourseModel.swift in Sources */,
				9FE2306B2AAF43320008B489 /* AcademicYearViewController.swift in Sources */,
				9F8A06202AAAF12600D3AF34 /* SceneDelegate.swift in Sources */,
				9F77D33A2AB075DC00EE9513 /* ActivityIndicator.swift in Sources */,
				9F8A06542AAB02F600D3AF34 /* MyCourseViewModel.swift in Sources */,
				9FE2306E2AAF468C0008B489 /* AcademicTableViewCell.swift in Sources */,
				9F8A06562AAB330500D3AF34 /* CircularProgressView.swift in Sources */,
			);
			runOnlyForDeploymentPostprocessing = 0;
		};
		9F8A062C2AAAF12800D3AF34 /* Sources */ = {
			isa = PBXSourcesBuildPhase;
			buildActionMask = 2147483647;
			files = (
				9F8A06352AAAF12800D3AF34 /* MyCoursePageTests.swift in Sources */,
			);
			runOnlyForDeploymentPostprocessing = 0;
		};
		9F8A06362AAAF12800D3AF34 /* Sources */ = {
			isa = PBXSourcesBuildPhase;
			buildActionMask = 2147483647;
			files = (
				9F8A06412AAAF12800D3AF34 /* MyCoursePageUITestsLaunchTests.swift in Sources */,
				9F8A063F2AAAF12800D3AF34 /* MyCoursePageUITests.swift in Sources */,
			);
			runOnlyForDeploymentPostprocessing = 0;
		};
/* End PBXSourcesBuildPhase section */

/* Begin PBXTargetDependency section */
		9F8A06322AAAF12800D3AF34 /* PBXTargetDependency */ = {
			isa = PBXTargetDependency;
			target = 9F8A06192AAAF12600D3AF34 /* MyCoursePage */;
			targetProxy = 9F8A06312AAAF12800D3AF34 /* PBXContainerItemProxy */;
		};
		9F8A063C2AAAF12800D3AF34 /* PBXTargetDependency */ = {
			isa = PBXTargetDependency;
			target = 9F8A06192AAAF12600D3AF34 /* MyCoursePage */;
			targetProxy = 9F8A063B2AAAF12800D3AF34 /* PBXContainerItemProxy */;
		};
/* End PBXTargetDependency section */

/* Begin PBXVariantGroup section */
		9F8A06232AAAF12600D3AF34 /* Main.storyboard */ = {
			isa = PBXVariantGroup;
			children = (
				9F8A06242AAAF12600D3AF34 /* Base */,
			);
			name = Main.storyboard;
			sourceTree = "<group>";
		};
		9F8A06282AAAF12700D3AF34 /* LaunchScreen.storyboard */ = {
			isa = PBXVariantGroup;
			children = (
				9F8A06292AAAF12700D3AF34 /* Base */,
			);
			name = LaunchScreen.storyboard;
			sourceTree = "<group>";
		};
/* End PBXVariantGroup section */

/* Begin XCBuildConfiguration section */
		9F8A06422AAAF12800D3AF34 /* Debug */ = {
			isa = XCBuildConfiguration;
			buildSettings = {
				ALWAYS_SEARCH_USER_PATHS = NO;
				CLANG_ANALYZER_NONNULL = YES;
				CLANG_ANALYZER_NUMBER_OBJECT_CONVERSION = YES_AGGRESSIVE;
				CLANG_CXX_LANGUAGE_STANDARD = "gnu++20";
				CLANG_ENABLE_MODULES = YES;
				CLANG_ENABLE_OBJC_ARC = YES;
				CLANG_ENABLE_OBJC_WEAK = YES;
				CLANG_WARN_BLOCK_CAPTURE_AUTORELEASING = YES;
				CLANG_WARN_BOOL_CONVERSION = YES;
				CLANG_WARN_COMMA = YES;
				CLANG_WARN_CONSTANT_CONVERSION = YES;
				CLANG_WARN_DEPRECATED_OBJC_IMPLEMENTATIONS = YES;
				CLANG_WARN_DIRECT_OBJC_ISA_USAGE = YES_ERROR;
				CLANG_WARN_DOCUMENTATION_COMMENTS = YES;
				CLANG_WARN_EMPTY_BODY = YES;
				CLANG_WARN_ENUM_CONVERSION = YES;
				CLANG_WARN_INFINITE_RECURSION = YES;
				CLANG_WARN_INT_CONVERSION = YES;
				CLANG_WARN_NON_LITERAL_NULL_CONVERSION = YES;
				CLANG_WARN_OBJC_IMPLICIT_RETAIN_SELF = YES;
				CLANG_WARN_OBJC_LITERAL_CONVERSION = YES;
				CLANG_WARN_OBJC_ROOT_CLASS = YES_ERROR;
				CLANG_WARN_QUOTED_INCLUDE_IN_FRAMEWORK_HEADER = YES;
				CLANG_WARN_RANGE_LOOP_ANALYSIS = YES;
				CLANG_WARN_STRICT_PROTOTYPES = YES;
				CLANG_WARN_SUSPICIOUS_MOVE = YES;
				CLANG_WARN_UNGUARDED_AVAILABILITY = YES_AGGRESSIVE;
				CLANG_WARN_UNREACHABLE_CODE = YES;
				CLANG_WARN__DUPLICATE_METHOD_MATCH = YES;
				COPY_PHASE_STRIP = NO;
				DEBUG_INFORMATION_FORMAT = dwarf;
				ENABLE_STRICT_OBJC_MSGSEND = YES;
				ENABLE_TESTABILITY = YES;
				GCC_C_LANGUAGE_STANDARD = gnu11;
				GCC_DYNAMIC_NO_PIC = NO;
				GCC_NO_COMMON_BLOCKS = YES;
				GCC_OPTIMIZATION_LEVEL = 0;
				GCC_PREPROCESSOR_DEFINITIONS = (
					"DEBUG=1",
					"$(inherited)",
				);
				GCC_WARN_64_TO_32_BIT_CONVERSION = YES;
				GCC_WARN_ABOUT_RETURN_TYPE = YES_ERROR;
				GCC_WARN_UNDECLARED_SELECTOR = YES;
				GCC_WARN_UNINITIALIZED_AUTOS = YES_AGGRESSIVE;
				GCC_WARN_UNUSED_FUNCTION = YES;
				GCC_WARN_UNUSED_VARIABLE = YES;
				IPHONEOS_DEPLOYMENT_TARGET = 16.0;
				MTL_ENABLE_DEBUG_INFO = INCLUDE_SOURCE;
				MTL_FAST_MATH = YES;
				ONLY_ACTIVE_ARCH = YES;
				SDKROOT = iphoneos;
				SWIFT_ACTIVE_COMPILATION_CONDITIONS = DEBUG;
				SWIFT_OPTIMIZATION_LEVEL = "-Onone";
			};
			name = Debug;
		};
		9F8A06432AAAF12800D3AF34 /* Release */ = {
			isa = XCBuildConfiguration;
			buildSettings = {
				ALWAYS_SEARCH_USER_PATHS = NO;
				CLANG_ANALYZER_NONNULL = YES;
				CLANG_ANALYZER_NUMBER_OBJECT_CONVERSION = YES_AGGRESSIVE;
				CLANG_CXX_LANGUAGE_STANDARD = "gnu++20";
				CLANG_ENABLE_MODULES = YES;
				CLANG_ENABLE_OBJC_ARC = YES;
				CLANG_ENABLE_OBJC_WEAK = YES;
				CLANG_WARN_BLOCK_CAPTURE_AUTORELEASING = YES;
				CLANG_WARN_BOOL_CONVERSION = YES;
				CLANG_WARN_COMMA = YES;
				CLANG_WARN_CONSTANT_CONVERSION = YES;
				CLANG_WARN_DEPRECATED_OBJC_IMPLEMENTATIONS = YES;
				CLANG_WARN_DIRECT_OBJC_ISA_USAGE = YES_ERROR;
				CLANG_WARN_DOCUMENTATION_COMMENTS = YES;
				CLANG_WARN_EMPTY_BODY = YES;
				CLANG_WARN_ENUM_CONVERSION = YES;
				CLANG_WARN_INFINITE_RECURSION = YES;
				CLANG_WARN_INT_CONVERSION = YES;
				CLANG_WARN_NON_LITERAL_NULL_CONVERSION = YES;
				CLANG_WARN_OBJC_IMPLICIT_RETAIN_SELF = YES;
				CLANG_WARN_OBJC_LITERAL_CONVERSION = YES;
				CLANG_WARN_OBJC_ROOT_CLASS = YES_ERROR;
				CLANG_WARN_QUOTED_INCLUDE_IN_FRAMEWORK_HEADER = YES;
				CLANG_WARN_RANGE_LOOP_ANALYSIS = YES;
				CLANG_WARN_STRICT_PROTOTYPES = YES;
				CLANG_WARN_SUSPICIOUS_MOVE = YES;
				CLANG_WARN_UNGUARDED_AVAILABILITY = YES_AGGRESSIVE;
				CLANG_WARN_UNREACHABLE_CODE = YES;
				CLANG_WARN__DUPLICATE_METHOD_MATCH = YES;
				COPY_PHASE_STRIP = NO;
				DEBUG_INFORMATION_FORMAT = "dwarf-with-dsym";
				ENABLE_NS_ASSERTIONS = NO;
				ENABLE_STRICT_OBJC_MSGSEND = YES;
				GCC_C_LANGUAGE_STANDARD = gnu11;
				GCC_NO_COMMON_BLOCKS = YES;
				GCC_WARN_64_TO_32_BIT_CONVERSION = YES;
				GCC_WARN_ABOUT_RETURN_TYPE = YES_ERROR;
				GCC_WARN_UNDECLARED_SELECTOR = YES;
				GCC_WARN_UNINITIALIZED_AUTOS = YES_AGGRESSIVE;
				GCC_WARN_UNUSED_FUNCTION = YES;
				GCC_WARN_UNUSED_VARIABLE = YES;
				IPHONEOS_DEPLOYMENT_TARGET = 16.0;
				MTL_ENABLE_DEBUG_INFO = NO;
				MTL_FAST_MATH = YES;
				SDKROOT = iphoneos;
				SWIFT_COMPILATION_MODE = wholemodule;
				SWIFT_OPTIMIZATION_LEVEL = "-O";
				VALIDATE_PRODUCT = YES;
			};
			name = Release;
		};
		9F8A06452AAAF12800D3AF34 /* Debug */ = {
			isa = XCBuildConfiguration;
			buildSettings = {
				ASSETCATALOG_COMPILER_APPICON_NAME = AppIcon;
				ASSETCATALOG_COMPILER_GLOBAL_ACCENT_COLOR_NAME = AccentColor;
				CODE_SIGN_STYLE = Automatic;
				CURRENT_PROJECT_VERSION = 1;
				DEVELOPMENT_TEAM = J9WNYC5Y9P;
				GENERATE_INFOPLIST_FILE = YES;
				INFOPLIST_FILE = MyCoursePage/Info.plist;
				INFOPLIST_KEY_UIApplicationSupportsIndirectInputEvents = YES;
				INFOPLIST_KEY_UILaunchStoryboardName = LaunchScreen;
				INFOPLIST_KEY_UIMainStoryboardFile = Main;
				INFOPLIST_KEY_UISupportedInterfaceOrientations_iPad = "UIInterfaceOrientationPortrait UIInterfaceOrientationPortraitUpsideDown UIInterfaceOrientationLandscapeLeft UIInterfaceOrientationLandscapeRight";
				INFOPLIST_KEY_UISupportedInterfaceOrientations_iPhone = "UIInterfaceOrientationPortrait UIInterfaceOrientationLandscapeLeft UIInterfaceOrientationLandscapeRight";
				LD_RUNPATH_SEARCH_PATHS = (
					"$(inherited)",
					"@executable_path/Frameworks",
				);
				MARKETING_VERSION = 1.0;
				PRODUCT_BUNDLE_IDENTIFIER = "digival.Documents-page.MyCoursePage";
				PRODUCT_NAME = "$(TARGET_NAME)";
				SWIFT_EMIT_LOC_STRINGS = YES;
				SWIFT_VERSION = 5.0;
				TARGETED_DEVICE_FAMILY = "1,2";
			};
			name = Debug;
		};
		9F8A06462AAAF12800D3AF34 /* Release */ = {
			isa = XCBuildConfiguration;
			buildSettings = {
				ASSETCATALOG_COMPILER_APPICON_NAME = AppIcon;
				ASSETCATALOG_COMPILER_GLOBAL_ACCENT_COLOR_NAME = AccentColor;
				CODE_SIGN_STYLE = Automatic;
				CURRENT_PROJECT_VERSION = 1;
				DEVELOPMENT_TEAM = J9WNYC5Y9P;
				GENERATE_INFOPLIST_FILE = YES;
				INFOPLIST_FILE = MyCoursePage/Info.plist;
				INFOPLIST_KEY_UIApplicationSupportsIndirectInputEvents = YES;
				INFOPLIST_KEY_UILaunchStoryboardName = LaunchScreen;
				INFOPLIST_KEY_UIMainStoryboardFile = Main;
				INFOPLIST_KEY_UISupportedInterfaceOrientations_iPad = "UIInterfaceOrientationPortrait UIInterfaceOrientationPortraitUpsideDown UIInterfaceOrientationLandscapeLeft UIInterfaceOrientationLandscapeRight";
				INFOPLIST_KEY_UISupportedInterfaceOrientations_iPhone = "UIInterfaceOrientationPortrait UIInterfaceOrientationLandscapeLeft UIInterfaceOrientationLandscapeRight";
				LD_RUNPATH_SEARCH_PATHS = (
					"$(inherited)",
					"@executable_path/Frameworks",
				);
				MARKETING_VERSION = 1.0;
				PRODUCT_BUNDLE_IDENTIFIER = "digival.Documents-page.MyCoursePage";
				PRODUCT_NAME = "$(TARGET_NAME)";
				SWIFT_EMIT_LOC_STRINGS = YES;
				SWIFT_VERSION = 5.0;
				TARGETED_DEVICE_FAMILY = "1,2";
			};
			name = Release;
		};
		9F8A06482AAAF12800D3AF34 /* Debug */ = {
			isa = XCBuildConfiguration;
			buildSettings = {
				ALWAYS_EMBED_SWIFT_STANDARD_LIBRARIES = YES;
				BUNDLE_LOADER = "$(TEST_HOST)";
				CODE_SIGN_STYLE = Automatic;
				CURRENT_PROJECT_VERSION = 1;
				DEVELOPMENT_TEAM = SY4CHD2YQ6;
				GENERATE_INFOPLIST_FILE = YES;
				IPHONEOS_DEPLOYMENT_TARGET = 16.0;
				MARKETING_VERSION = 1.0;
				PRODUCT_BUNDLE_IDENTIFIER = "digival.Documents-page.MyCoursePageTests";
				PRODUCT_NAME = "$(TARGET_NAME)";
				SWIFT_EMIT_LOC_STRINGS = NO;
				SWIFT_VERSION = 5.0;
				TARGETED_DEVICE_FAMILY = "1,2";
				TEST_HOST = "$(BUILT_PRODUCTS_DIR)/MyCoursePage.app/$(BUNDLE_EXECUTABLE_FOLDER_PATH)/MyCoursePage";
			};
			name = Debug;
		};
		9F8A06492AAAF12800D3AF34 /* Release */ = {
			isa = XCBuildConfiguration;
			buildSettings = {
				ALWAYS_EMBED_SWIFT_STANDARD_LIBRARIES = YES;
				BUNDLE_LOADER = "$(TEST_HOST)";
				CODE_SIGN_STYLE = Automatic;
				CURRENT_PROJECT_VERSION = 1;
				DEVELOPMENT_TEAM = SY4CHD2YQ6;
				GENERATE_INFOPLIST_FILE = YES;
				IPHONEOS_DEPLOYMENT_TARGET = 16.0;
				MARKETING_VERSION = 1.0;
				PRODUCT_BUNDLE_IDENTIFIER = "digival.Documents-page.MyCoursePageTests";
				PRODUCT_NAME = "$(TARGET_NAME)";
				SWIFT_EMIT_LOC_STRINGS = NO;
				SWIFT_VERSION = 5.0;
				TARGETED_DEVICE_FAMILY = "1,2";
				TEST_HOST = "$(BUILT_PRODUCTS_DIR)/MyCoursePage.app/$(BUNDLE_EXECUTABLE_FOLDER_PATH)/MyCoursePage";
			};
			name = Release;
		};
		9F8A064B2AAAF12800D3AF34 /* Debug */ = {
			isa = XCBuildConfiguration;
			buildSettings = {
				ALWAYS_EMBED_SWIFT_STANDARD_LIBRARIES = YES;
				CODE_SIGN_STYLE = Automatic;
				CURRENT_PROJECT_VERSION = 1;
				DEVELOPMENT_TEAM = SY4CHD2YQ6;
				GENERATE_INFOPLIST_FILE = YES;
				MARKETING_VERSION = 1.0;
				PRODUCT_BUNDLE_IDENTIFIER = "digival.Documents-page.MyCoursePageUITests";
				PRODUCT_NAME = "$(TARGET_NAME)";
				SWIFT_EMIT_LOC_STRINGS = NO;
				SWIFT_VERSION = 5.0;
				TARGETED_DEVICE_FAMILY = "1,2";
				TEST_TARGET_NAME = MyCoursePage;
			};
			name = Debug;
		};
		9F8A064C2AAAF12800D3AF34 /* Release */ = {
			isa = XCBuildConfiguration;
			buildSettings = {
				ALWAYS_EMBED_SWIFT_STANDARD_LIBRARIES = YES;
				CODE_SIGN_STYLE = Automatic;
				CURRENT_PROJECT_VERSION = 1;
				DEVELOPMENT_TEAM = SY4CHD2YQ6;
				GENERATE_INFOPLIST_FILE = YES;
				MARKETING_VERSION = 1.0;
				PRODUCT_BUNDLE_IDENTIFIER = "digival.Documents-page.MyCoursePageUITests";
				PRODUCT_NAME = "$(TARGET_NAME)";
				SWIFT_EMIT_LOC_STRINGS = NO;
				SWIFT_VERSION = 5.0;
				TARGETED_DEVICE_FAMILY = "1,2";
				TEST_TARGET_NAME = MyCoursePage;
			};
			name = Release;
		};
/* End XCBuildConfiguration section */

/* Begin XCConfigurationList section */
		9F8A06152AAAF12600D3AF34 /* Build configuration list for PBXProject "MyCoursePage" */ = {
			isa = XCConfigurationList;
			buildConfigurations = (
				9F8A06422AAAF12800D3AF34 /* Debug */,
				9F8A06432AAAF12800D3AF34 /* Release */,
			);
			defaultConfigurationIsVisible = 0;
			defaultConfigurationName = Release;
		};
		9F8A06442AAAF12800D3AF34 /* Build configuration list for PBXNativeTarget "MyCoursePage" */ = {
			isa = XCConfigurationList;
			buildConfigurations = (
				9F8A06452AAAF12800D3AF34 /* Debug */,
				9F8A06462AAAF12800D3AF34 /* Release */,
			);
			defaultConfigurationIsVisible = 0;
			defaultConfigurationName = Release;
		};
		9F8A06472AAAF12800D3AF34 /* Build configuration list for PBXNativeTarget "MyCoursePageTests" */ = {
			isa = XCConfigurationList;
			buildConfigurations = (
				9F8A06482AAAF12800D3AF34 /* Debug */,
				9F8A06492AAAF12800D3AF34 /* Release */,
			);
			defaultConfigurationIsVisible = 0;
			defaultConfigurationName = Release;
		};
		9F8A064A2AAAF12800D3AF34 /* Build configuration list for PBXNativeTarget "MyCoursePageUITests" */ = {
			isa = XCConfigurationList;
			buildConfigurations = (
				9F8A064B2AAAF12800D3AF34 /* Debug */,
				9F8A064C2AAAF12800D3AF34 /* Release */,
			);
			defaultConfigurationIsVisible = 0;
			defaultConfigurationName = Release;
		};
/* End XCConfigurationList section */
	};
	rootObject = 9F8A06122AAAF12600D3AF34 /* Project object */;
}
